// !$*UTF8*$!
{
	archiveVersion = 1;
	classes = {
	};
	objectVersion = 60;
	objects = {

/* Begin PBXBuildFile section */
		5C32566A2D9809EF000BAE39 /* ActionBarView.swift in Sources */ = {isa = PBXBuildFile; fileRef = 5C3256692D9809EF000BAE39 /* ActionBarView.swift */; };
		5C32566C2D9822FD000BAE39 /* Localizable.xcstrings in Resources */ = {isa = PBXBuildFile; fileRef = 5C32566B2D9822FD000BAE39 /* Localizable.xcstrings */; };
		5C32566E2D982527000BAE39 /* GeneralTabView.swift in Sources */ = {isa = PBXBuildFile; fileRef = 5C32566D2D982527000BAE39 /* GeneralTabView.swift */; };
		5C3256702D98262A000BAE39 /* AboutTabView.swift in Sources */ = {isa = PBXBuildFile; fileRef = 5C32566F2D98262A000BAE39 /* AboutTabView.swift */; };
		5C3256722D98354F000BAE39 /* Utils.swift in Sources */ = {isa = PBXBuildFile; fileRef = 5C3256712D98354F000BAE39 /* Utils.swift */; };
		5C3456612B69EDDB00278BF2 /* StatusMenu.swift in Sources */ = {isa = PBXBuildFile; fileRef = 5C3456602B69EDDB00278BF2 /* StatusMenu.swift */; };
		5C6D55F72D3B5FB000DD2979 /* OverlayerView.swift in Sources */ = {isa = PBXBuildFile; fileRef = 5C6D55F62D3B5FA200DD2979 /* OverlayerView.swift */; };
		5C74BA862D97B07B005673DB /* AppLogger.swift in Sources */ = {isa = PBXBuildFile; fileRef = 5C74BA852D97B07B005673DB /* AppLogger.swift */; };
		5C80293F2D98F0E3007C659C /* Extensions.swift in Sources */ = {isa = PBXBuildFile; fileRef = 5C80293E2D98F0E3007C659C /* Extensions.swift */; };
		5C9BE1BE2BDE707800FE56BD /* ImageDrawView.swift in Sources */ = {isa = PBXBuildFile; fileRef = 5C9BE1BD2BDE707800FE56BD /* ImageDrawView.swift */; };
		5C9BE1C12BDEA62800FE56BD /* Model.swift in Sources */ = {isa = PBXBuildFile; fileRef = 5C9BE1C02BDEA62800FE56BD /* Model.swift */; };
		5CA3C1A22BCCFE0800ED3A48 /* CrosshairView.swift in Sources */ = {isa = PBXBuildFile; fileRef = 5CA3C1A12BCCFE0800ED3A48 /* CrosshairView.swift */; };
		5CC56DD22BDBA1F300CFEEAB /* Constants.swift in Sources */ = {isa = PBXBuildFile; fileRef = 5CC56DD12BDBA1F300CFEEAB /* Constants.swift */; };
		5CC56DD42BDBA9D000CFEEAB /* SCContext.swift in Sources */ = {isa = PBXBuildFile; fileRef = 5CC56DD32BDBA9D000CFEEAB /* SCContext.swift */; };
		5CC92F7B2D3A015300214098 /* KeyboardShortcuts in Frameworks */ = {isa = PBXBuildFile; productRef = 5CC92F7A2D3A015300214098 /* KeyboardShortcuts */; };
		5CC92F7D2D3A06B900214098 /* AppState.swift in Sources */ = {isa = PBXBuildFile; fileRef = 5CC92F7C2D3A06B000214098 /* AppState.swift */; };
		5CF3D9852B63B25C00753013 /* iCapApp.swift in Sources */ = {isa = PBXBuildFile; fileRef = 5CF3D9842B63B25C00753013 /* iCapApp.swift */; };
		5CF3D9872B63B25C00753013 /* ContentView.swift in Sources */ = {isa = PBXBuildFile; fileRef = 5CF3D9862B63B25C00753013 /* ContentView.swift */; };
		5CF3D98B2B63B25D00753013 /* Assets.xcassets in Resources */ = {isa = PBXBuildFile; fileRef = 5CF3D98A2B63B25D00753013 /* Assets.xcassets */; };
/* End PBXBuildFile section */

/* Begin PBXCopyFilesBuildPhase section */
		5C3456792B6A013500278BF2 /* Embed Foundation Extensions */ = {
			isa = PBXCopyFilesBuildPhase;
			buildActionMask = 2147483647;
			dstPath = "";
			dstSubfolderSpec = 13;
			files = (
			);
			name = "Embed Foundation Extensions";
			runOnlyForDeploymentPostprocessing = 0;
		};
		5C3456B52B6A0BAD00278BF2 /* Embed XPC Services */ = {
			isa = PBXCopyFilesBuildPhase;
			buildActionMask = 2147483647;
			dstPath = "$(CONTENTS_FOLDER_PATH)/XPCServices";
			dstSubfolderSpec = 16;
			files = (
			);
			name = "Embed XPC Services";
			runOnlyForDeploymentPostprocessing = 0;
		};
/* End PBXCopyFilesBuildPhase section */

/* Begin PBXFileReference section */
		5C159EA82BCD367900EF2F06 /* README.md */ = {isa = PBXFileReference; lastKnownFileType = net.daringfireball.markdown; path = README.md; sourceTree = "<group>"; };
		5C3256692D9809EF000BAE39 /* ActionBarView.swift */ = {isa = PBXFileReference; lastKnownFileType = sourcecode.swift; path = ActionBarView.swift; sourceTree = "<group>"; };
		5C32566B2D9822FD000BAE39 /* Localizable.xcstrings */ = {isa = PBXFileReference; lastKnownFileType = text.json.xcstrings; path = Localizable.xcstrings; sourceTree = "<group>"; };
		5C32566D2D982527000BAE39 /* GeneralTabView.swift */ = {isa = PBXFileReference; lastKnownFileType = sourcecode.swift; path = GeneralTabView.swift; sourceTree = "<group>"; };
		5C32566F2D98262A000BAE39 /* AboutTabView.swift */ = {isa = PBXFileReference; lastKnownFileType = sourcecode.swift; path = AboutTabView.swift; sourceTree = "<group>"; };
		5C3256712D98354F000BAE39 /* Utils.swift */ = {isa = PBXFileReference; lastKnownFileType = sourcecode.swift; path = Utils.swift; sourceTree = "<group>"; };
		5C3456602B69EDDB00278BF2 /* StatusMenu.swift */ = {isa = PBXFileReference; lastKnownFileType = sourcecode.swift; path = StatusMenu.swift; sourceTree = "<group>"; };
		5C3F2E9A2BDE11C900157333 /* Info.plist */ = {isa = PBXFileReference; lastKnownFileType = text.plist; path = Info.plist; sourceTree = "<group>"; };
		5C6D55F62D3B5FA200DD2979 /* OverlayerView.swift */ = {isa = PBXFileReference; lastKnownFileType = sourcecode.swift; path = OverlayerView.swift; sourceTree = "<group>"; };
		5C72E4FA2C78820F00EAA205 /* ScreenCaptureKit.framework */ = {isa = PBXFileReference; lastKnownFileType = wrapper.framework; name = ScreenCaptureKit.framework; path = System/Library/Frameworks/ScreenCaptureKit.framework; sourceTree = SDKROOT; };
		5C74BA852D97B07B005673DB /* AppLogger.swift */ = {isa = PBXFileReference; lastKnownFileType = sourcecode.swift; path = AppLogger.swift; sourceTree = "<group>"; };
		5C80293E2D98F0E3007C659C /* Extensions.swift */ = {isa = PBXFileReference; lastKnownFileType = sourcecode.swift; path = Extensions.swift; sourceTree = "<group>"; };
		5C9BE1BD2BDE707800FE56BD /* ImageDrawView.swift */ = {isa = PBXFileReference; lastKnownFileType = sourcecode.swift; path = ImageDrawView.swift; sourceTree = "<group>"; };
		5C9BE1C02BDEA62800FE56BD /* Model.swift */ = {isa = PBXFileReference; lastKnownFileType = sourcecode.swift; path = Model.swift; sourceTree = "<group>"; };
		5CA3C1A12BCCFE0800ED3A48 /* CrosshairView.swift */ = {isa = PBXFileReference; lastKnownFileType = sourcecode.swift; path = CrosshairView.swift; sourceTree = "<group>"; };
		5CC56DD12BDBA1F300CFEEAB /* Constants.swift */ = {isa = PBXFileReference; lastKnownFileType = sourcecode.swift; path = Constants.swift; sourceTree = "<group>"; };
		5CC56DD32BDBA9D000CFEEAB /* SCContext.swift */ = {isa = PBXFileReference; lastKnownFileType = sourcecode.swift; path = SCContext.swift; sourceTree = "<group>"; };
		5CC92F7C2D3A06B000214098 /* AppState.swift */ = {isa = PBXFileReference; lastKnownFileType = sourcecode.swift; path = AppState.swift; sourceTree = "<group>"; };
		5CF3D9812B63B25B00753013 /* iCap.app */ = {isa = PBXFileReference; explicitFileType = wrapper.application; includeInIndex = 0; path = iCap.app; sourceTree = BUILT_PRODUCTS_DIR; };
		5CF3D9842B63B25C00753013 /* iCapApp.swift */ = {isa = PBXFileReference; lastKnownFileType = sourcecode.swift; path = iCapApp.swift; sourceTree = "<group>"; };
		5CF3D9862B63B25C00753013 /* ContentView.swift */ = {isa = PBXFileReference; lastKnownFileType = sourcecode.swift; path = ContentView.swift; sourceTree = "<group>"; };
		5CF3D98A2B63B25D00753013 /* Assets.xcassets */ = {isa = PBXFileReference; lastKnownFileType = folder.assetcatalog; path = Assets.xcassets; sourceTree = "<group>"; };
		5CF3D98F2B63B25D00753013 /* iCap.entitlements */ = {isa = PBXFileReference; lastKnownFileType = text.plist.entitlements; path = iCap.entitlements; sourceTree = "<group>"; };
/* End PBXFileReference section */

/* Begin PBXFrameworksBuildPhase section */
		5CF3D97E2B63B25B00753013 /* Frameworks */ = {
			isa = PBXFrameworksBuildPhase;
			buildActionMask = 2147483647;
			files = (
				5CC92F7B2D3A015300214098 /* KeyboardShortcuts in Frameworks */,
			);
			runOnlyForDeploymentPostprocessing = 0;
		};
/* End PBXFrameworksBuildPhase section */

/* Begin PBXGroup section */
		5C34565C2B69EC8200278BF2 /* Settings */ = {
			isa = PBXGroup;
			children = (
				5C32566D2D982527000BAE39 /* GeneralTabView.swift */,
				5C32566F2D98262A000BAE39 /* AboutTabView.swift */,
			);
			path = Settings;
			sourceTree = "<group>";
		};
		5C34565F2B69EDBA00278BF2 /* StatusBar */ = {
			isa = PBXGroup;
			children = (
				5C3456602B69EDDB00278BF2 /* StatusMenu.swift */,
			);
			path = StatusBar;
			sourceTree = "<group>";
		};
		5C72E4F92C78820F00EAA205 /* Frameworks */ = {
			isa = PBXGroup;
			children = (
				5C72E4FA2C78820F00EAA205 /* ScreenCaptureKit.framework */,
			);
			name = Frameworks;
			sourceTree = "<group>";
		};
		5C74BA892D97B0B3005673DB /* Shared */ = {
			isa = PBXGroup;
			children = (
				5CC56DD12BDBA1F300CFEEAB /* Constants.swift */,
				5C74BA852D97B07B005673DB /* AppLogger.swift */,
				5C3256712D98354F000BAE39 /* Utils.swift */,
				5C80293E2D98F0E3007C659C /* Extensions.swift */,
			);
			path = Shared;
			sourceTree = "<group>";
		};
		5C9BE1BF2BDEA59100FE56BD /* Editor */ = {
			isa = PBXGroup;
			children = (
				5C9BE1C02BDEA62800FE56BD /* Model.swift */,
				5C3256692D9809EF000BAE39 /* ActionBarView.swift */,
				5CA3C1A12BCCFE0800ED3A48 /* CrosshairView.swift */,
				5CC56DD32BDBA9D000CFEEAB /* SCContext.swift */,
				5C9BE1BD2BDE707800FE56BD /* ImageDrawView.swift */,
				5C6D55F62D3B5FA200DD2979 /* OverlayerView.swift */,
			);
			path = Editor;
			sourceTree = "<group>";
		};
		5CF3D9782B63B25B00753013 = {
			isa = PBXGroup;
			children = (
				5C159EA82BCD367900EF2F06 /* README.md */,
				5CF3D9832B63B25B00753013 /* iCap */,
				5CF3D9822B63B25B00753013 /* Products */,
				5C72E4F92C78820F00EAA205 /* Frameworks */,
			);
			sourceTree = "<group>";
		};
		5CF3D9822B63B25B00753013 /* Products */ = {
			isa = PBXGroup;
			children = (
				5CF3D9812B63B25B00753013 /* iCap.app */,
			);
			name = Products;
			sourceTree = "<group>";
		};
		5CF3D9832B63B25B00753013 /* iCap */ = {
			isa = PBXGroup;
			children = (
				5C3F2E9A2BDE11C900157333 /* Info.plist */,
				5CF3D98A2B63B25D00753013 /* Assets.xcassets */,
				5CF3D98F2B63B25D00753013 /* iCap.entitlements */,
				5C74BA892D97B0B3005673DB /* Shared */,
				5C34565F2B69EDBA00278BF2 /* StatusBar */,
				5C34565C2B69EC8200278BF2 /* Settings */,
				5C9BE1BF2BDEA59100FE56BD /* Editor */,
				5CF3D9862B63B25C00753013 /* ContentView.swift */,
				5CC92F7C2D3A06B000214098 /* AppState.swift */,
				5CF3D9842B63B25C00753013 /* iCapApp.swift */,
				5C32566B2D9822FD000BAE39 /* Localizable.xcstrings */,
			);
			path = iCap;
			sourceTree = "<group>";
		};
/* End PBXGroup section */

/* Begin PBXNativeTarget section */
		5CF3D9802B63B25B00753013 /* iCap */ = {
			isa = PBXNativeTarget;
			buildConfigurationList = 5CF3D9922B63B25D00753013 /* Build configuration list for PBXNativeTarget "iCap" */;
			buildPhases = (
				5CF3D97D2B63B25B00753013 /* Sources */,
				5CF3D97E2B63B25B00753013 /* Frameworks */,
				5CF3D97F2B63B25B00753013 /* Resources */,
				5C3456792B6A013500278BF2 /* Embed Foundation Extensions */,
				5C3456B52B6A0BAD00278BF2 /* Embed XPC Services */,
			);
			buildRules = (
			);
			dependencies = (
			);
			name = iCap;
			packageProductDependencies = (
				5CC92F7A2D3A015300214098 /* KeyboardShortcuts */,
			);
			productName = iCap;
			productReference = 5CF3D9812B63B25B00753013 /* iCap.app */;
			productType = "com.apple.product-type.application";
		};
/* End PBXNativeTarget section */

/* Begin PBXProject section */
		5CF3D9792B63B25B00753013 /* Project object */ = {
			isa = PBXProject;
			attributes = {
				BuildIndependentTargetsInParallel = 1;
				LastSwiftUpdateCheck = 1520;
				LastUpgradeCheck = 1620;
				TargetAttributes = {
					5CF3D9802B63B25B00753013 = {
						CreatedOnToolsVersion = 15.2;
					};
				};
			};
			buildConfigurationList = 5CF3D97C2B63B25B00753013 /* Build configuration list for PBXProject "iCap" */;
			compatibilityVersion = "Xcode 14.0";
			developmentRegion = en;
			hasScannedForEncodings = 0;
			knownRegions = (
				en,
				Base,
				"zh-Hans",
			);
			mainGroup = 5CF3D9782B63B25B00753013;
			packageReferences = (
				5CC92F792D3A015300214098 /* XCLocalSwiftPackageReference "../../repos/KeyboardShortcuts-main" */,
			);
			productRefGroup = 5CF3D9822B63B25B00753013 /* Products */;
			projectDirPath = "";
			projectRoot = "";
			targets = (
				5CF3D9802B63B25B00753013 /* iCap */,
			);
		};
/* End PBXProject section */

/* Begin PBXResourcesBuildPhase section */
		5CF3D97F2B63B25B00753013 /* Resources */ = {
			isa = PBXResourcesBuildPhase;
			buildActionMask = 2147483647;
			files = (
				5C32566C2D9822FD000BAE39 /* Localizable.xcstrings in Resources */,
				5CF3D98B2B63B25D00753013 /* Assets.xcassets in Resources */,
			);
			runOnlyForDeploymentPostprocessing = 0;
		};
/* End PBXResourcesBuildPhase section */

/* Begin PBXSourcesBuildPhase section */
		5CF3D97D2B63B25B00753013 /* Sources */ = {
			isa = PBXSourcesBuildPhase;
			buildActionMask = 2147483647;
			files = (
				5C32566E2D982527000BAE39 /* GeneralTabView.swift in Sources */,
				5C6D55F72D3B5FB000DD2979 /* OverlayerView.swift in Sources */,
				5CC56DD42BDBA9D000CFEEAB /* SCContext.swift in Sources */,
				5CF3D9872B63B25C00753013 /* ContentView.swift in Sources */,
				5CF3D9852B63B25C00753013 /* iCapApp.swift in Sources */,
				5C3456612B69EDDB00278BF2 /* StatusMenu.swift in Sources */,
				5C9BE1C12BDEA62800FE56BD /* Model.swift in Sources */,
				5CC92F7D2D3A06B900214098 /* AppState.swift in Sources */,
				5C74BA862D97B07B005673DB /* AppLogger.swift in Sources */,
				5C3256702D98262A000BAE39 /* AboutTabView.swift in Sources */,
				5C9BE1BE2BDE707800FE56BD /* ImageDrawView.swift in Sources */,
				5C80293F2D98F0E3007C659C /* Extensions.swift in Sources */,
				5CA3C1A22BCCFE0800ED3A48 /* CrosshairView.swift in Sources */,
				5CC56DD22BDBA1F300CFEEAB /* Constants.swift in Sources */,
				5C3256722D98354F000BAE39 /* Utils.swift in Sources */,
				5C32566A2D9809EF000BAE39 /* ActionBarView.swift in Sources */,
			);
			runOnlyForDeploymentPostprocessing = 0;
		};
/* End PBXSourcesBuildPhase section */

/* Begin XCBuildConfiguration section */
		5CF3D9902B63B25D00753013 /* Debug */ = {
			isa = XCBuildConfiguration;
			buildSettings = {
				ALWAYS_SEARCH_USER_PATHS = NO;
				ASSETCATALOG_COMPILER_GENERATE_SWIFT_ASSET_SYMBOL_EXTENSIONS = YES;
				CLANG_ANALYZER_LOCALIZABILITY_NONLOCALIZED = YES;
				CLANG_ANALYZER_NONNULL = YES;
				CLANG_ANALYZER_NUMBER_OBJECT_CONVERSION = YES_AGGRESSIVE;
				CLANG_CXX_LANGUAGE_STANDARD = "gnu++20";
				CLANG_ENABLE_MODULES = YES;
				CLANG_ENABLE_OBJC_ARC = YES;
				CLANG_ENABLE_OBJC_WEAK = YES;
				CLANG_WARN_BLOCK_CAPTURE_AUTORELEASING = YES;
				CLANG_WARN_BOOL_CONVERSION = YES;
				CLANG_WARN_COMMA = YES;
				CLANG_WARN_CONSTANT_CONVERSION = YES;
				CLANG_WARN_DEPRECATED_OBJC_IMPLEMENTATIONS = YES;
				CLANG_WARN_DIRECT_OBJC_ISA_USAGE = YES_ERROR;
				CLANG_WARN_DOCUMENTATION_COMMENTS = YES;
				CLANG_WARN_EMPTY_BODY = YES;
				CLANG_WARN_ENUM_CONVERSION = YES;
				CLANG_WARN_INFINITE_RECURSION = YES;
				CLANG_WARN_INT_CONVERSION = YES;
				CLANG_WARN_NON_LITERAL_NULL_CONVERSION = YES;
				CLANG_WARN_OBJC_IMPLICIT_RETAIN_SELF = YES;
				CLANG_WARN_OBJC_LITERAL_CONVERSION = YES;
				CLANG_WARN_OBJC_ROOT_CLASS = YES_ERROR;
				CLANG_WARN_QUOTED_INCLUDE_IN_FRAMEWORK_HEADER = YES;
				CLANG_WARN_RANGE_LOOP_ANALYSIS = YES;
				CLANG_WARN_STRICT_PROTOTYPES = YES;
				CLANG_WARN_SUSPICIOUS_MOVE = YES;
				CLANG_WARN_UNGUARDED_AVAILABILITY = YES_AGGRESSIVE;
				CLANG_WARN_UNREACHABLE_CODE = YES;
				CLANG_WARN__DUPLICATE_METHOD_MATCH = YES;
				COPY_PHASE_STRIP = NO;
				DEAD_CODE_STRIPPING = YES;
				DEBUG_INFORMATION_FORMAT = dwarf;
				ENABLE_STRICT_OBJC_MSGSEND = YES;
				ENABLE_TESTABILITY = YES;
				ENABLE_USER_SCRIPT_SANDBOXING = YES;
				GCC_C_LANGUAGE_STANDARD = gnu17;
				GCC_DYNAMIC_NO_PIC = NO;
				GCC_NO_COMMON_BLOCKS = YES;
				GCC_OPTIMIZATION_LEVEL = 0;
				GCC_PREPROCESSOR_DEFINITIONS = (
					"DEBUG=1",
					"$(inherited)",
				);
				GCC_WARN_64_TO_32_BIT_CONVERSION = YES;
				GCC_WARN_ABOUT_RETURN_TYPE = YES_ERROR;
				GCC_WARN_UNDECLARED_SELECTOR = YES;
				GCC_WARN_UNINITIALIZED_AUTOS = YES_AGGRESSIVE;
				GCC_WARN_UNUSED_FUNCTION = YES;
				GCC_WARN_UNUSED_VARIABLE = YES;
				LOCALIZATION_PREFERS_STRING_CATALOGS = YES;
				MACOSX_DEPLOYMENT_TARGET = 15.0;
				MTL_ENABLE_DEBUG_INFO = INCLUDE_SOURCE;
				MTL_FAST_MATH = YES;
				ONLY_ACTIVE_ARCH = YES;
				SDKROOT = macosx;
				SWIFT_ACTIVE_COMPILATION_CONDITIONS = "DEBUG $(inherited)";
				SWIFT_EMIT_LOC_STRINGS = YES;
				SWIFT_OPTIMIZATION_LEVEL = "-Onone";
			};
			name = Debug;
		};
		5CF3D9912B63B25D00753013 /* Release */ = {
			isa = XCBuildConfiguration;
			buildSettings = {
				ALWAYS_SEARCH_USER_PATHS = NO;
				ASSETCATALOG_COMPILER_GENERATE_SWIFT_ASSET_SYMBOL_EXTENSIONS = YES;
				CLANG_ANALYZER_LOCALIZABILITY_NONLOCALIZED = YES;
				CLANG_ANALYZER_NONNULL = YES;
				CLANG_ANALYZER_NUMBER_OBJECT_CONVERSION = YES_AGGRESSIVE;
				CLANG_CXX_LANGUAGE_STANDARD = "gnu++20";
				CLANG_ENABLE_MODULES = YES;
				CLANG_ENABLE_OBJC_ARC = YES;
				CLANG_ENABLE_OBJC_WEAK = YES;
				CLANG_WARN_BLOCK_CAPTURE_AUTORELEASING = YES;
				CLANG_WARN_BOOL_CONVERSION = YES;
				CLANG_WARN_COMMA = YES;
				CLANG_WARN_CONSTANT_CONVERSION = YES;
				CLANG_WARN_DEPRECATED_OBJC_IMPLEMENTATIONS = YES;
				CLANG_WARN_DIRECT_OBJC_ISA_USAGE = YES_ERROR;
				CLANG_WARN_DOCUMENTATION_COMMENTS = YES;
				CLANG_WARN_EMPTY_BODY = YES;
				CLANG_WARN_ENUM_CONVERSION = YES;
				CLANG_WARN_INFINITE_RECURSION = YES;
				CLANG_WARN_INT_CONVERSION = YES;
				CLANG_WARN_NON_LITERAL_NULL_CONVERSION = YES;
				CLANG_WARN_OBJC_IMPLICIT_RETAIN_SELF = YES;
				CLANG_WARN_OBJC_LITERAL_CONVERSION = YES;
				CLANG_WARN_OBJC_ROOT_CLASS = YES_ERROR;
				CLANG_WARN_QUOTED_INCLUDE_IN_FRAMEWORK_HEADER = YES;
				CLANG_WARN_RANGE_LOOP_ANALYSIS = YES;
				CLANG_WARN_STRICT_PROTOTYPES = YES;
				CLANG_WARN_SUSPICIOUS_MOVE = YES;
				CLANG_WARN_UNGUARDED_AVAILABILITY = YES_AGGRESSIVE;
				CLANG_WARN_UNREACHABLE_CODE = YES;
				CLANG_WARN__DUPLICATE_METHOD_MATCH = YES;
				COPY_PHASE_STRIP = NO;
				DEAD_CODE_STRIPPING = YES;
				DEBUG_INFORMATION_FORMAT = "dwarf-with-dsym";
				ENABLE_NS_ASSERTIONS = NO;
				ENABLE_STRICT_OBJC_MSGSEND = YES;
				ENABLE_USER_SCRIPT_SANDBOXING = YES;
				GCC_C_LANGUAGE_STANDARD = gnu17;
				GCC_NO_COMMON_BLOCKS = YES;
				GCC_WARN_64_TO_32_BIT_CONVERSION = YES;
				GCC_WARN_ABOUT_RETURN_TYPE = YES_ERROR;
				GCC_WARN_UNDECLARED_SELECTOR = YES;
				GCC_WARN_UNINITIALIZED_AUTOS = YES_AGGRESSIVE;
				GCC_WARN_UNUSED_FUNCTION = YES;
				GCC_WARN_UNUSED_VARIABLE = YES;
				LOCALIZATION_PREFERS_STRING_CATALOGS = YES;
				MACOSX_DEPLOYMENT_TARGET = 15.0;
				MTL_ENABLE_DEBUG_INFO = NO;
				MTL_FAST_MATH = YES;
				SDKROOT = macosx;
				SWIFT_COMPILATION_MODE = wholemodule;
				SWIFT_EMIT_LOC_STRINGS = YES;
			};
			name = Release;
		};
		5CF3D9932B63B25D00753013 /* Debug */ = {
			isa = XCBuildConfiguration;
			buildSettings = {
				ASSETCATALOG_COMPILER_APPICON_NAME = AppIcon;
				ASSETCATALOG_COMPILER_GLOBAL_ACCENT_COLOR_NAME = AccentColor;
				ASSETCATALOG_COMPILER_INCLUDE_ALL_APPICON_ASSETS = YES;
				CODE_SIGN_ENTITLEMENTS = iCap/iCap.entitlements;
				CODE_SIGN_IDENTITY = "Apple Development";
				CODE_SIGN_STYLE = Automatic;
				COMBINE_HIDPI_IMAGES = YES;
				CURRENT_PROJECT_VERSION = 20250405002;
				DEAD_CODE_STRIPPING = YES;
				DEVELOPMENT_ASSET_PATHS = "";
				DEVELOPMENT_TEAM = 4L3563XCBN;
				ENABLE_HARDENED_RUNTIME = YES;
				ENABLE_PREVIEWS = YES;
				GENERATE_INFOPLIST_FILE = YES;
				INFOPLIST_FILE = iCap/Info.plist;
				INFOPLIST_KEY_CFBundleDisplayName = iCap;
				INFOPLIST_KEY_LSApplicationCategoryType = "public.app-category.productivity";
				INFOPLIST_KEY_NSHumanReadableCopyright = "";
				INFOPLIST_KEY_UIStatusBarStyle = UIStatusBarStyleDarkContent;
				LD_RUNPATH_SEARCH_PATHS = (
					"$(inherited)",
					"@executable_path/../Frameworks",
				);
				MACOSX_DEPLOYMENT_TARGET = 15.0;
				MARKETING_VERSION = 1.0.6;
				PRODUCT_BUNDLE_IDENTIFIER = cn.wflixu.icap;
				PRODUCT_NAME = "$(TARGET_NAME)";
				PROVISIONING_PROFILE_SPECIFIER = "";
				SWIFT_EMIT_LOC_STRINGS = YES;
				SWIFT_VERSION = 5.0;
			};
			name = Debug;
		};
		5CF3D9942B63B25D00753013 /* Release */ = {
			isa = XCBuildConfiguration;
			buildSettings = {
				ASSETCATALOG_COMPILER_APPICON_NAME = AppIcon;
				ASSETCATALOG_COMPILER_GLOBAL_ACCENT_COLOR_NAME = AccentColor;
				ASSETCATALOG_COMPILER_INCLUDE_ALL_APPICON_ASSETS = YES;
				CODE_SIGN_ENTITLEMENTS = iCap/iCap.entitlements;
				CODE_SIGN_IDENTITY = "Apple Development";
				"CODE_SIGN_IDENTITY[sdk=macosx*]" = "3rd Party Mac Developer Application";
				CODE_SIGN_STYLE = Manual;
				COMBINE_HIDPI_IMAGES = YES;
				CURRENT_PROJECT_VERSION = 20250405002;
				DEAD_CODE_STRIPPING = YES;
				DEVELOPMENT_ASSET_PATHS = "";
				DEVELOPMENT_TEAM = "";
				"DEVELOPMENT_TEAM[sdk=macosx*]" = 4L3563XCBN;
				ENABLE_HARDENED_RUNTIME = YES;
				ENABLE_PREVIEWS = YES;
				GENERATE_INFOPLIST_FILE = YES;
				INFOPLIST_FILE = iCap/Info.plist;
				INFOPLIST_KEY_CFBundleDisplayName = iCap;
				INFOPLIST_KEY_LSApplicationCategoryType = "public.app-category.productivity";
				INFOPLIST_KEY_NSHumanReadableCopyright = "";
				INFOPLIST_KEY_UIStatusBarStyle = UIStatusBarStyleDarkContent;
				LD_RUNPATH_SEARCH_PATHS = (
					"$(inherited)",
					"@executable_path/../Frameworks",
				);
				MACOSX_DEPLOYMENT_TARGET = 15.0;
				MARKETING_VERSION = 1.0.6;
				PRODUCT_BUNDLE_IDENTIFIER = cn.wflixu.icap;
				PRODUCT_NAME = "$(TARGET_NAME)";
				PROVISIONING_PROFILE_SPECIFIER = "";
				"PROVISIONING_PROFILE_SPECIFIER[sdk=macosx*]" = icap_distr_store;
				SWIFT_EMIT_LOC_STRINGS = YES;
				SWIFT_VERSION = 5.0;
			};
			name = Release;
		};
/* End XCBuildConfiguration section */

/* Begin XCConfigurationList section */
		5CF3D97C2B63B25B00753013 /* Build configuration list for PBXProject "iCap" */ = {
			isa = XCConfigurationList;
			buildConfigurations = (
				5CF3D9902B63B25D00753013 /* Debug */,
				5CF3D9912B63B25D00753013 /* Release */,
			);
			defaultConfigurationIsVisible = 0;
			defaultConfigurationName = Release;
		};
		5CF3D9922B63B25D00753013 /* Build configuration list for PBXNativeTarget "iCap" */ = {
			isa = XCConfigurationList;
			buildConfigurations = (
				5CF3D9932B63B25D00753013 /* Debug */,
				5CF3D9942B63B25D00753013 /* Release */,
			);
			defaultConfigurationIsVisible = 0;
			defaultConfigurationName = Release;
		};
/* End XCConfigurationList section */

/* Begin XCLocalSwiftPackageReference section */
		5CC92F792D3A015300214098 /* XCLocalSwiftPackageReference "../../repos/KeyboardShortcuts-main" */ = {
			isa = XCLocalSwiftPackageReference;
			relativePath = "../../repos/KeyboardShortcuts-main";
		};
/* End XCLocalSwiftPackageReference section */

/* Begin XCSwiftPackageProductDependency section */
		5CC92F7A2D3A015300214098 /* KeyboardShortcuts */ = {
			isa = XCSwiftPackageProductDependency;
			productName = KeyboardShortcuts;
		};
/* End XCSwiftPackageProductDependency section */
	};
	rootObject = 5CF3D9792B63B25B00753013 /* Project object */;
}
